
Microsoft Visual Studio Solution File, Format Version 12.00
# Visual Studio Version 16
VisualStudioVersion = 16.0.30309.148
MinimumVisualStudioVersion = 10.0.40219.1
Project("{FAE04EC0-301F-11D3-BF4B-00C04F79EFBC}") = "MSSQLScriptExecutor", "MSSQLScriptExecutor.csproj", "{668C9DED-472E-4E89-BE56-DECDE6E3580B}"
EndProject
Global
	GlobalSection(SolutionConfigurationPlatforms) = preSolution
		Debug|Any CPU = Debug|Any CPU
		Release|Any CPU = Release|Any CPU
	EndGlobalSection
	GlobalSection(ProjectConfigurationPlatforms) = postSolution
		{668C9DED-472E-4E89-BE56-DECDE6E3580B}.Debug|Any CPU.ActiveCfg = Debug|Any CPU
		{668C9DED-472E-4E89-BE56-DECDE6E3580B}.Debug|Any CPU.Build.0 = Debug|Any CPU
		{668C9DED-472E-4E89-BE56-DECDE6E3580B}.Release|Any CPU.ActiveCfg = Release|Any CPU
		{668C9DED-472E-4E89-BE56-DECDE6E3580B}.Release|Any CPU.Build.0 = Release|Any CPU
	EndGlobalSection
	GlobalSection(SolutionProperties) = preSolution
		HideSolutionNode = FALSE
	EndGlobalSection
	GlobalSection(ExtensibilityGlobals) = postSolution
		SolutionGuid = {B82619B6-4C03-4E24-A50B-6EFF93E87F7B}
	EndGlobalSection
EndGlobal
